// !$*UTF8*$!
{
	archiveVersion = 1;
	classes = {
	};
	objectVersion = 48;
	objects = {

/* Begin PBXBuildFile section */
		9247765BA685684EFFE5F75D /* Pods_Painting.framework in Frameworks */ = {isa = PBXBuildFile; fileRef = 76721B4B1CCB252FA8ED0565 /* Pods_Painting.framework */; };
		AB171D371FEB8E5B00CCFB7F /* PathProvider.swift in Sources */ = {isa = PBXBuildFile; fileRef = AB171D361FEB8E5B00CCFB7F /* PathProvider.swift */; };
		AB1E41CC1FE3CB7E00D3B4B8 /* ColorPicker.swift in Sources */ = {isa = PBXBuildFile; fileRef = AB1E41CB1FE3CB7E00D3B4B8 /* ColorPicker.swift */; };
		AB6F05A91FEA88FE00ADF4EB /* sketch.svg in Resources */ = {isa = PBXBuildFile; fileRef = AB6F05A61FEA88FD00ADF4EB /* sketch.svg */; };
		AB6F05AA1FEA88FE00ADF4EB /* robot.svg in Resources */ = {isa = PBXBuildFile; fileRef = AB6F05A71FEA88FE00ADF4EB /* robot.svg */; };
		AB6F05AB1FEA88FE00ADF4EB /* snowman.svg in Resources */ = {isa = PBXBuildFile; fileRef = AB6F05A81FEA88FE00ADF4EB /* snowman.svg */; };
		AB8EC82F1FE90D4C00C19F60 /* PictureGridCollectionViewCell.swift in Sources */ = {isa = PBXBuildFile; fileRef = AB8EC82E1FE90D4C00C19F60 /* PictureGridCollectionViewCell.swift */; };
		AB8EC8321FE90D9B00C19F60 /* PictureGridCollectionViewController.swift in Sources */ = {isa = PBXBuildFile; fileRef = AB8EC8311FE90D9B00C19F60 /* PictureGridCollectionViewController.swift */; };
		AB9FA58E1FE2A99300055C50 /* AppDelegate.swift in Sources */ = {isa = PBXBuildFile; fileRef = AB9FA58D1FE2A99300055C50 /* AppDelegate.swift */; };
		AB9FA5901FE2A99300055C50 /* PaintingViewController.swift in Sources */ = {isa = PBXBuildFile; fileRef = AB9FA58F1FE2A99300055C50 /* PaintingViewController.swift */; };
		AB9FA5931FE2A99300055C50 /* Main.storyboard in Resources */ = {isa = PBXBuildFile; fileRef = AB9FA5911FE2A99300055C50 /* Main.storyboard */; };
		AB9FA5951FE2A99300055C50 /* Assets.xcassets in Resources */ = {isa = PBXBuildFile; fileRef = AB9FA5941FE2A99300055C50 /* Assets.xcassets */; };
		AB9FA5981FE2A99300055C50 /* LaunchScreen.storyboard in Resources */ = {isa = PBXBuildFile; fileRef = AB9FA5961FE2A99300055C50 /* LaunchScreen.storyboard */; };
		ABBAF1C91FE90F7200676426 /* PictureGridCollectionViewCell.xib in Resources */ = {isa = PBXBuildFile; fileRef = ABBAF1C81FE90F7200676426 /* PictureGridCollectionViewCell.xib */; };
		ABBAF1CB1FE9186800676426 /* Picture.swift in Sources */ = {isa = PBXBuildFile; fileRef = ABBAF1CA1FE9186800676426 /* Picture.swift */; };
		ABF8F5A71FE2AF4D00117AB8 /* chicken.svg in Resources */ = {isa = PBXBuildFile; fileRef = ABF8F5A61FE2AF4D00117AB8 /* chicken.svg */; };
		ABF8F5A91FE2AF5C00117AB8 /* cloud.svg in Resources */ = {isa = PBXBuildFile; fileRef = ABF8F5A81FE2AF5C00117AB8 /* cloud.svg */; };
		ABF8F5AB1FE2AF6800117AB8 /* hat.svg in Resources */ = {isa = PBXBuildFile; fileRef = ABF8F5AA1FE2AF6800117AB8 /* hat.svg */; };
/* End PBXBuildFile section */

/* Begin PBXFileReference section */
		658F10F122611DE34251DC66 /* Pods-Painting.debug.xcconfig */ = {isa = PBXFileReference; includeInIndex = 1; lastKnownFileType = text.xcconfig; name = "Pods-Painting.debug.xcconfig"; path = "Pods/Target Support Files/Pods-Painting/Pods-Painting.debug.xcconfig"; sourceTree = "<group>"; };
		76721B4B1CCB252FA8ED0565 /* Pods_Painting.framework */ = {isa = PBXFileReference; explicitFileType = wrapper.framework; includeInIndex = 0; path = Pods_Painting.framework; sourceTree = BUILT_PRODUCTS_DIR; };
		7C76A4F43C507D2665D62989 /* Pods-Painting.release.xcconfig */ = {isa = PBXFileReference; includeInIndex = 1; lastKnownFileType = text.xcconfig; name = "Pods-Painting.release.xcconfig"; path = "Pods/Target Support Files/Pods-Painting/Pods-Painting.release.xcconfig"; sourceTree = "<group>"; };
		AB171D361FEB8E5B00CCFB7F /* PathProvider.swift */ = {isa = PBXFileReference; lastKnownFileType = sourcecode.swift; path = PathProvider.swift; sourceTree = "<group>"; };
		AB1E41CB1FE3CB7E00D3B4B8 /* ColorPicker.swift */ = {isa = PBXFileReference; lastKnownFileType = sourcecode.swift; path = ColorPicker.swift; sourceTree = "<group>"; };
		AB6F05A61FEA88FD00ADF4EB /* sketch.svg */ = {isa = PBXFileReference; fileEncoding = 4; lastKnownFileType = text.xml; path = sketch.svg; sourceTree = "<group>"; };
		AB6F05A71FEA88FE00ADF4EB /* robot.svg */ = {isa = PBXFileReference; fileEncoding = 4; lastKnownFileType = text.xml; path = robot.svg; sourceTree = "<group>"; };
		AB6F05A81FEA88FE00ADF4EB /* snowman.svg */ = {isa = PBXFileReference; fileEncoding = 4; lastKnownFileType = text.xml; path = snowman.svg; sourceTree = "<group>"; };
		AB8EC82E1FE90D4C00C19F60 /* PictureGridCollectionViewCell.swift */ = {isa = PBXFileReference; lastKnownFileType = sourcecode.swift; path = PictureGridCollectionViewCell.swift; sourceTree = "<group>"; };
		AB8EC8311FE90D9B00C19F60 /* PictureGridCollectionViewController.swift */ = {isa = PBXFileReference; lastKnownFileType = sourcecode.swift; path = PictureGridCollectionViewController.swift; sourceTree = "<group>"; };
		AB9FA58A1FE2A99300055C50 /* Painting.app */ = {isa = PBXFileReference; explicitFileType = wrapper.application; includeInIndex = 0; path = Painting.app; sourceTree = BUILT_PRODUCTS_DIR; };
		AB9FA58D1FE2A99300055C50 /* AppDelegate.swift */ = {isa = PBXFileReference; lastKnownFileType = sourcecode.swift; path = AppDelegate.swift; sourceTree = "<group>"; };
		AB9FA58F1FE2A99300055C50 /* PaintingViewController.swift */ = {isa = PBXFileReference; lastKnownFileType = sourcecode.swift; path = PaintingViewController.swift; sourceTree = "<group>"; };
		AB9FA5921FE2A99300055C50 /* Base */ = {isa = PBXFileReference; lastKnownFileType = file.storyboard; name = Base; path = Base.lproj/Main.storyboard; sourceTree = "<group>"; };
		AB9FA5941FE2A99300055C50 /* Assets.xcassets */ = {isa = PBXFileReference; lastKnownFileType = folder.assetcatalog; path = Assets.xcassets; sourceTree = "<group>"; };
		AB9FA5971FE2A99300055C50 /* Base */ = {isa = PBXFileReference; lastKnownFileType = file.storyboard; name = Base; path = Base.lproj/LaunchScreen.storyboard; sourceTree = "<group>"; };
		AB9FA5991FE2A99300055C50 /* Info.plist */ = {isa = PBXFileReference; lastKnownFileType = text.plist.xml; path = Info.plist; sourceTree = "<group>"; };
		ABBAF1C81FE90F7200676426 /* PictureGridCollectionViewCell.xib */ = {isa = PBXFileReference; lastKnownFileType = file.xib; path = PictureGridCollectionViewCell.xib; sourceTree = "<group>"; };
		ABBAF1CA1FE9186800676426 /* Picture.swift */ = {isa = PBXFileReference; lastKnownFileType = sourcecode.swift; path = Picture.swift; sourceTree = "<group>"; };
		ABF8F5A61FE2AF4D00117AB8 /* chicken.svg */ = {isa = PBXFileReference; fileEncoding = 4; lastKnownFileType = text.xml; path = chicken.svg; sourceTree = "<group>"; };
		ABF8F5A81FE2AF5C00117AB8 /* cloud.svg */ = {isa = PBXFileReference; fileEncoding = 4; lastKnownFileType = text.xml; path = cloud.svg; sourceTree = "<group>"; };
		ABF8F5AA1FE2AF6800117AB8 /* hat.svg */ = {isa = PBXFileReference; fileEncoding = 4; lastKnownFileType = text.xml; path = hat.svg; sourceTree = "<group>"; };
/* End PBXFileReference section */

/* Begin PBXFrameworksBuildPhase section */
		AB9FA5871FE2A99300055C50 /* Frameworks */ = {
			isa = PBXFrameworksBuildPhase;
			buildActionMask = 2147483647;
			files = (
				9247765BA685684EFFE5F75D /* Pods_Painting.framework in Frameworks */,
			);
			runOnlyForDeploymentPostprocessing = 0;
		};
/* End PBXFrameworksBuildPhase section */

/* Begin PBXGroup section */
		63BA032BBECBD510EF1FCC2A /* Frameworks */ = {
			isa = PBXGroup;
			children = (
				76721B4B1CCB252FA8ED0565 /* Pods_Painting.framework */,
			);
			name = Frameworks;
			sourceTree = "<group>";
		};
		AB171D351FEB8E2500CCFB7F /* Paths */ = {
			isa = PBXGroup;
			children = (
				AB171D361FEB8E5B00CCFB7F /* PathProvider.swift */,
			);
			path = Paths;
			sourceTree = "<group>";
		};
		AB1E41CD1FE3CC3200D3B4B8 /* Library */ = {
			isa = PBXGroup;
			children = (
				ABBAF1CA1FE9186800676426 /* Picture.swift */,
				AB8EC8311FE90D9B00C19F60 /* PictureGridCollectionViewController.swift */,
				AB8EC82E1FE90D4C00C19F60 /* PictureGridCollectionViewCell.swift */,
				ABBAF1C81FE90F7200676426 /* PictureGridCollectionViewCell.xib */,
			);
			path = Library;
			sourceTree = "<group>";
		};
		AB1E41CE1FE3CC6000D3B4B8 /* SVG */ = {
			isa = PBXGroup;
			children = (
				ABF8F5A61FE2AF4D00117AB8 /* chicken.svg */,
				ABF8F5A81FE2AF5C00117AB8 /* cloud.svg */,
				ABF8F5AA1FE2AF6800117AB8 /* hat.svg */,
				AB6F05A71FEA88FE00ADF4EB /* robot.svg */,
				AB6F05A61FEA88FD00ADF4EB /* sketch.svg */,
				AB6F05A81FEA88FE00ADF4EB /* snowman.svg */,
			);
			path = SVG;
			sourceTree = "<group>";
		};
		AB8EC8291FE90BAF00C19F60 /* Painting */ = {
			isa = PBXGroup;
			children = (
				AB9FA58F1FE2A99300055C50 /* PaintingViewController.swift */,
				AB1E41CB1FE3CB7E00D3B4B8 /* ColorPicker.swift */,
			);
			path = Painting;
			sourceTree = "<group>";
		};
		AB9FA5811FE2A99300055C50 = {
			isa = PBXGroup;
			children = (
				AB9FA58C1FE2A99300055C50 /* Painting */,
				AB9FA58B1FE2A99300055C50 /* Products */,
				EFFD386721E880C0C1748A65 /* Pods */,
				63BA032BBECBD510EF1FCC2A /* Frameworks */,
			);
			sourceTree = "<group>";
		};
		AB9FA58B1FE2A99300055C50 /* Products */ = {
			isa = PBXGroup;
			children = (
				AB9FA58A1FE2A99300055C50 /* Painting.app */,
			);
			name = Products;
			sourceTree = "<group>";
		};
		AB9FA58C1FE2A99300055C50 /* Painting */ = {
			isa = PBXGroup;
			children = (
				AB9FA58D1FE2A99300055C50 /* AppDelegate.swift */,
				AB1E41CD1FE3CC3200D3B4B8 /* Library */,
				AB8EC8291FE90BAF00C19F60 /* Painting */,
				AB171D351FEB8E2500CCFB7F /* Paths */,
				AB1E41CE1FE3CC6000D3B4B8 /* SVG */,
				AB9FA5941FE2A99300055C50 /* Assets.xcassets */,
				AB9FA5911FE2A99300055C50 /* Main.storyboard */,
				AB9FA5961FE2A99300055C50 /* LaunchScreen.storyboard */,
				AB9FA5991FE2A99300055C50 /* Info.plist */,
			);
			path = Painting;
			sourceTree = "<group>";
		};
		EFFD386721E880C0C1748A65 /* Pods */ = {
			isa = PBXGroup;
			children = (
				658F10F122611DE34251DC66 /* Pods-Painting.debug.xcconfig */,
				7C76A4F43C507D2665D62989 /* Pods-Painting.release.xcconfig */,
			);
			name = Pods;
			sourceTree = "<group>";
		};
/* End PBXGroup section */

/* Begin PBXNativeTarget section */
		AB9FA5891FE2A99300055C50 /* Painting */ = {
			isa = PBXNativeTarget;
			buildConfigurationList = AB9FA59C1FE2A99300055C50 /* Build configuration list for PBXNativeTarget "Painting" */;
			buildPhases = (
				816607455BF7B1F66C3EF09D /* [CP] Check Pods Manifest.lock */,
				AB9FA5861FE2A99300055C50 /* Sources */,
				AB9FA5871FE2A99300055C50 /* Frameworks */,
				AB9FA5881FE2A99300055C50 /* Resources */,
				4AF39D15654B397B42F40FD7 /* [CP] Embed Pods Frameworks */,
				DB487EE90E1A5F3C3A5E2460 /* [CP] Copy Pods Resources */,
				ABF8F5AC1FE2B33400117AB8 /* ShellScript */,
			);
			buildRules = (
			);
			dependencies = (
			);
			name = Painting;
			productName = Painting;
			productReference = AB9FA58A1FE2A99300055C50 /* Painting.app */;
			productType = "com.apple.product-type.application";
		};
/* End PBXNativeTarget section */

/* Begin PBXProject section */
		AB9FA5821FE2A99300055C50 /* Project object */ = {
			isa = PBXProject;
			attributes = {
				LastSwiftUpdateCheck = 0900;
				LastUpgradeCheck = 0900;
				ORGANIZATIONNAME = "黃珮鈞";
				TargetAttributes = {
					AB9FA5891FE2A99300055C50 = {
						CreatedOnToolsVersion = 9.0;
						ProvisioningStyle = Automatic;
					};
				};
			};
			buildConfigurationList = AB9FA5851FE2A99300055C50 /* Build configuration list for PBXProject "Painting" */;
			compatibilityVersion = "Xcode 8.0";
			developmentRegion = en;
			hasScannedForEncodings = 0;
			knownRegions = (
				en,
				Base,
			);
			mainGroup = AB9FA5811FE2A99300055C50;
			productRefGroup = AB9FA58B1FE2A99300055C50 /* Products */;
			projectDirPath = "";
			projectRoot = "";
			targets = (
				AB9FA5891FE2A99300055C50 /* Painting */,
			);
		};
/* End PBXProject section */

/* Begin PBXResourcesBuildPhase section */
		AB9FA5881FE2A99300055C50 /* Resources */ = {
			isa = PBXResourcesBuildPhase;
			buildActionMask = 2147483647;
			files = (
				ABF8F5AB1FE2AF6800117AB8 /* hat.svg in Resources */,
				AB9FA5981FE2A99300055C50 /* LaunchScreen.storyboard in Resources */,
				AB6F05A91FEA88FE00ADF4EB /* sketch.svg in Resources */,
				AB6F05AA1FEA88FE00ADF4EB /* robot.svg in Resources */,
				AB9FA5951FE2A99300055C50 /* Assets.xcassets in Resources */,
				ABF8F5A71FE2AF4D00117AB8 /* chicken.svg in Resources */,
				AB9FA5931FE2A99300055C50 /* Main.storyboard in Resources */,
				ABBAF1C91FE90F7200676426 /* PictureGridCollectionViewCell.xib in Resources */,
				AB6F05AB1FEA88FE00ADF4EB /* snowman.svg in Resources */,
				ABF8F5A91FE2AF5C00117AB8 /* cloud.svg in Resources */,
			);
			runOnlyForDeploymentPostprocessing = 0;
		};
/* End PBXResourcesBuildPhase section */

/* Begin PBXShellScriptBuildPhase section */
		4AF39D15654B397B42F40FD7 /* [CP] Embed Pods Frameworks */ = {
			isa = PBXShellScriptBuildPhase;
			buildActionMask = 2147483647;
			files = (
			);
			inputPaths = (
				"${SRCROOT}/Pods/Target Support Files/Pods-Painting/Pods-Painting-frameworks.sh",
				"${BUILT_PRODUCTS_DIR}/PocketSVG/PocketSVG.framework",
			);
			name = "[CP] Embed Pods Frameworks";
			outputPaths = (
				"${TARGET_BUILD_DIR}/${FRAMEWORKS_FOLDER_PATH}/PocketSVG.framework",
			);
			runOnlyForDeploymentPostprocessing = 0;
			shellPath = /bin/sh;
			shellScript = "\"${SRCROOT}/Pods/Target Support Files/Pods-Painting/Pods-Painting-frameworks.sh\"\n";
			showEnvVarsInLog = 0;
		};
		816607455BF7B1F66C3EF09D /* [CP] Check Pods Manifest.lock */ = {
			isa = PBXShellScriptBuildPhase;
			buildActionMask = 2147483647;
			files = (
			);
			inputPaths = (
				"${PODS_PODFILE_DIR_PATH}/Podfile.lock",
				"${PODS_ROOT}/Manifest.lock",
			);
			name = "[CP] Check Pods Manifest.lock";
			outputPaths = (
				"$(DERIVED_FILE_DIR)/Pods-Painting-checkManifestLockResult.txt",
			);
			runOnlyForDeploymentPostprocessing = 0;
			shellPath = /bin/sh;
			shellScript = "diff \"${PODS_PODFILE_DIR_PATH}/Podfile.lock\" \"${PODS_ROOT}/Manifest.lock\" > /dev/null\nif [ $? != 0 ] ; then\n    # print error to STDERR\n    echo \"error: The sandbox is not in sync with the Podfile.lock. Run 'pod install' or update your CocoaPods installation.\" >&2\n    exit 1\nfi\n# This output is used by Xcode 'outputs' to avoid re-running this script phase.\necho \"SUCCESS\" > \"${SCRIPT_OUTPUT_FILE_0}\"\n";
			showEnvVarsInLog = 0;
		};
		ABF8F5AC1FE2B33400117AB8 /* ShellScript */ = {
			isa = PBXShellScriptBuildPhase;
			buildActionMask = 2147483647;
			files = (
			);
			inputPaths = (
			);
			outputPaths = (
			);
			runOnlyForDeploymentPostprocessing = 0;
			shellPath = /bin/sh;
			shellScript = "if which swiftlint >/dev/null; then\nswiftlint\nelse\necho \"warning: SwiftLint not installed, download from https://github.com/realm/SwiftLint\"\nfi";
		};
		DB487EE90E1A5F3C3A5E2460 /* [CP] Copy Pods Resources */ = {
			isa = PBXShellScriptBuildPhase;
			buildActionMask = 2147483647;
			files = (
			);
			inputPaths = (
			);
			name = "[CP] Copy Pods Resources";
			outputPaths = (
			);
			runOnlyForDeploymentPostprocessing = 0;
			shellPath = /bin/sh;
			shellScript = "\"${SRCROOT}/Pods/Target Support Files/Pods-Painting/Pods-Painting-resources.sh\"\n";
			showEnvVarsInLog = 0;
		};
/* End PBXShellScriptBuildPhase section */

/* Begin PBXSourcesBuildPhase section */
		AB9FA5861FE2A99300055C50 /* Sources */ = {
			isa = PBXSourcesBuildPhase;
			buildActionMask = 2147483647;
			files = (
				ABBAF1CB1FE9186800676426 /* Picture.swift in Sources */,
				AB171D371FEB8E5B00CCFB7F /* PathProvider.swift in Sources */,
				AB8EC82F1FE90D4C00C19F60 /* PictureGridCollectionViewCell.swift in Sources */,
				AB9FA5901FE2A99300055C50 /* PaintingViewController.swift in Sources */,
				AB8EC8321FE90D9B00C19F60 /* PictureGridCollectionViewController.swift in Sources */,
				AB9FA58E1FE2A99300055C50 /* AppDelegate.swift in Sources */,
				AB1E41CC1FE3CB7E00D3B4B8 /* ColorPicker.swift in Sources */,
			);
			runOnlyForDeploymentPostprocessing = 0;
		};
/* End PBXSourcesBuildPhase section */

/* Begin PBXVariantGroup section */
		AB9FA5911FE2A99300055C50 /* Main.storyboard */ = {
			isa = PBXVariantGroup;
			children = (
				AB9FA5921FE2A99300055C50 /* Base */,
			);
			name = Main.storyboard;
			sourceTree = "<group>";
		};
		AB9FA5961FE2A99300055C50 /* LaunchScreen.storyboard */ = {
			isa = PBXVariantGroup;
			children = (
				AB9FA5971FE2A99300055C50 /* Base */,
			);
			name = LaunchScreen.storyboard;
			sourceTree = "<group>";
		};
/* End PBXVariantGroup section */

/* Begin XCBuildConfiguration section */
		AB9FA59A1FE2A99300055C50 /* Debug */ = {
			isa = XCBuildConfiguration;
			buildSettings = {
				ALWAYS_SEARCH_USER_PATHS = NO;
				CLANG_ANALYZER_NONNULL = YES;
				CLANG_ANALYZER_NUMBER_OBJECT_CONVERSION = YES_AGGRESSIVE;
				CLANG_CXX_LANGUAGE_STANDARD = "gnu++14";
				CLANG_CXX_LIBRARY = "libc++";
				CLANG_ENABLE_MODULES = YES;
				CLANG_ENABLE_OBJC_ARC = YES;
				CLANG_WARN_BLOCK_CAPTURE_AUTORELEASING = YES;
				CLANG_WARN_BOOL_CONVERSION = YES;
				CLANG_WARN_COMMA = YES;
				CLANG_WARN_CONSTANT_CONVERSION = YES;
				CLANG_WARN_DIRECT_OBJC_ISA_USAGE = YES_ERROR;
				CLANG_WARN_DOCUMENTATION_COMMENTS = YES;
				CLANG_WARN_EMPTY_BODY = YES;
				CLANG_WARN_ENUM_CONVERSION = YES;
				CLANG_WARN_INFINITE_RECURSION = YES;
				CLANG_WARN_INT_CONVERSION = YES;
				CLANG_WARN_NON_LITERAL_NULL_CONVERSION = YES;
				CLANG_WARN_OBJC_LITERAL_CONVERSION = YES;
				CLANG_WARN_OBJC_ROOT_CLASS = YES_ERROR;
				CLANG_WARN_RANGE_LOOP_ANALYSIS = YES;
				CLANG_WARN_STRICT_PROTOTYPES = YES;
				CLANG_WARN_SUSPICIOUS_MOVE = YES;
				CLANG_WARN_UNGUARDED_AVAILABILITY = YES_AGGRESSIVE;
				CLANG_WARN_UNREACHABLE_CODE = YES;
				CLANG_WARN__DUPLICATE_METHOD_MATCH = YES;
				CODE_SIGN_IDENTITY = "iPhone Developer";
				COPY_PHASE_STRIP = NO;
				DEBUG_INFORMATION_FORMAT = dwarf;
				ENABLE_STRICT_OBJC_MSGSEND = YES;
				ENABLE_TESTABILITY = YES;
				GCC_C_LANGUAGE_STANDARD = gnu11;
				GCC_DYNAMIC_NO_PIC = NO;
				GCC_NO_COMMON_BLOCKS = YES;
				GCC_OPTIMIZATION_LEVEL = 0;
				GCC_PREPROCESSOR_DEFINITIONS = (
					"DEBUG=1",
					"$(inherited)",
				);
				GCC_WARN_64_TO_32_BIT_CONVERSION = YES;
				GCC_WARN_ABOUT_RETURN_TYPE = YES_ERROR;
				GCC_WARN_UNDECLARED_SELECTOR = YES;
				GCC_WARN_UNINITIALIZED_AUTOS = YES_AGGRESSIVE;
				GCC_WARN_UNUSED_FUNCTION = YES;
				GCC_WARN_UNUSED_VARIABLE = YES;
				IPHONEOS_DEPLOYMENT_TARGET = 11.0;
				MTL_ENABLE_DEBUG_INFO = YES;
				ONLY_ACTIVE_ARCH = YES;
				SDKROOT = iphoneos;
				SWIFT_ACTIVE_COMPILATION_CONDITIONS = DEBUG;
				SWIFT_OPTIMIZATION_LEVEL = "-Onone";
			};
			name = Debug;
		};
		AB9FA59B1FE2A99300055C50 /* Release */ = {
			isa = XCBuildConfiguration;
			buildSettings = {
				ALWAYS_SEARCH_USER_PATHS = NO;
				CLANG_ANALYZER_NONNULL = YES;
				CLANG_ANALYZER_NUMBER_OBJECT_CONVERSION = YES_AGGRESSIVE;
				CLANG_CXX_LANGUAGE_STANDARD = "gnu++14";
				CLANG_CXX_LIBRARY = "libc++";
				CLANG_ENABLE_MODULES = YES;
				CLANG_ENABLE_OBJC_ARC = YES;
				CLANG_WARN_BLOCK_CAPTURE_AUTORELEASING = YES;
				CLANG_WARN_BOOL_CONVERSION = YES;
				CLANG_WARN_COMMA = YES;
				CLANG_WARN_CONSTANT_CONVERSION = YES;
				CLANG_WARN_DIRECT_OBJC_ISA_USAGE = YES_ERROR;
				CLANG_WARN_DOCUMENTATION_COMMENTS = YES;
				CLANG_WARN_EMPTY_BODY = YES;
				CLANG_WARN_ENUM_CONVERSION = YES;
				CLANG_WARN_INFINITE_RECURSION = YES;
				CLANG_WARN_INT_CONVERSION = YES;
				CLANG_WARN_NON_LITERAL_NULL_CONVERSION = YES;
				CLANG_WARN_OBJC_LITERAL_CONVERSION = YES;
				CLANG_WARN_OBJC_ROOT_CLASS = YES_ERROR;
				CLANG_WARN_RANGE_LOOP_ANALYSIS = YES;
				CLANG_WARN_STRICT_PROTOTYPES = YES;
				CLANG_WARN_SUSPICIOUS_MOVE = YES;
				CLANG_WARN_UNGUARDED_AVAILABILITY = YES_AGGRESSIVE;
				CLANG_WARN_UNREACHABLE_CODE = YES;
				CLANG_WARN__DUPLICATE_METHOD_MATCH = YES;
				CODE_SIGN_IDENTITY = "iPhone Developer";
				COPY_PHASE_STRIP = NO;
				DEBUG_INFORMATION_FORMAT = "dwarf-with-dsym";
				ENABLE_NS_ASSERTIONS = NO;
				ENABLE_STRICT_OBJC_MSGSEND = YES;
				GCC_C_LANGUAGE_STANDARD = gnu11;
				GCC_NO_COMMON_BLOCKS = YES;
				GCC_WARN_64_TO_32_BIT_CONVERSION = YES;
				GCC_WARN_ABOUT_RETURN_TYPE = YES_ERROR;
				GCC_WARN_UNDECLARED_SELECTOR = YES;
				GCC_WARN_UNINITIALIZED_AUTOS = YES_AGGRESSIVE;
				GCC_WARN_UNUSED_FUNCTION = YES;
				GCC_WARN_UNUSED_VARIABLE = YES;
				IPHONEOS_DEPLOYMENT_TARGET = 11.0;
				MTL_ENABLE_DEBUG_INFO = NO;
				SDKROOT = iphoneos;
				SWIFT_OPTIMIZATION_LEVEL = "-Owholemodule";
				VALIDATE_PRODUCT = YES;
			};
			name = Release;
		};
		AB9FA59D1FE2A99300055C50 /* Debug */ = {
			isa = XCBuildConfiguration;
			baseConfigurationReference = 658F10F122611DE34251DC66 /* Pods-Painting.debug.xcconfig */;
			buildSettings = {
				ASSETCATALOG_COMPILER_APPICON_NAME = AppIcon;
				CODE_SIGN_STYLE = Automatic;
				DEVELOPMENT_TEAM = 927RF5FP2C;
				INFOPLIST_FILE = Painting/Info.plist;
				LD_RUNPATH_SEARCH_PATHS = "$(inherited) @executable_path/Frameworks";
				PRODUCT_BUNDLE_IDENTIFIER = Huang.Painting;
				PRODUCT_NAME = "$(TARGET_NAME)";
				SWIFT_VERSION = 4.0;
				TARGETED_DEVICE_FAMILY = "1,2";
			};
			name = Debug;
		};
		AB9FA59E1FE2A99300055C50 /* Release */ = {
			isa = XCBuildConfiguration;
			baseConfigurationReference = 7C76A4F43C507D2665D62989 /* Pods-Painting.release.xcconfig */;
			buildSettings = {
				ASSETCATALOG_COMPILER_APPICON_NAME = AppIcon;
				CODE_SIGN_STYLE = Automatic;
				DEVELOPMENT_TEAM = 927RF5FP2C;
				INFOPLIST_FILE = Painting/Info.plist;
				LD_RUNPATH_SEARCH_PATHS = "$(inherited) @executable_path/Frameworks";
				PRODUCT_BUNDLE_IDENTIFIER = Huang.Painting;
				PRODUCT_NAME = "$(TARGET_NAME)";
				SWIFT_VERSION = 4.0;
				TARGETED_DEVICE_FAMILY = "1,2";
			};
			name = Release;
		};
/* End XCBuildConfiguration section */

/* Begin XCConfigurationList section */
		AB9FA5851FE2A99300055C50 /* Build configuration list for PBXProject "Painting" */ = {
			isa = XCConfigurationList;
			buildConfigurations = (
				AB9FA59A1FE2A99300055C50 /* Debug */,
				AB9FA59B1FE2A99300055C50 /* Release */,
			);
			defaultConfigurationIsVisible = 0;
			defaultConfigurationName = Release;
		};
		AB9FA59C1FE2A99300055C50 /* Build configuration list for PBXNativeTarget "Painting" */ = {
			isa = XCConfigurationList;
			buildConfigurations = (
				AB9FA59D1FE2A99300055C50 /* Debug */,
				AB9FA59E1FE2A99300055C50 /* Release */,
			);
			defaultConfigurationIsVisible = 0;
			defaultConfigurationName = Release;
		};
/* End XCConfigurationList section */
	};
	rootObject = AB9FA5821FE2A99300055C50 /* Project object */;
}
